// !$*UTF8*$!
{
	archiveVersion = 1;
	classes = {
	};
	objectVersion = 50;
	objects = {

/* Begin PBXBuildFile section */
		FA1C5DBC24E4213200B0C5F4 /* CertificatesScreen.swift in Sources */ = {isa = PBXBuildFile; fileRef = FA1C5DBB24E4213200B0C5F4 /* CertificatesScreen.swift */; };
		FA1C5DBE24E4217500B0C5F4 /* CardView.swift in Sources */ = {isa = PBXBuildFile; fileRef = FA1C5DBD24E4217500B0C5F4 /* CardView.swift */; };
		FA1C5DC024E421FE00B0C5F4 /* TitleView.swift in Sources */ = {isa = PBXBuildFile; fileRef = FA1C5DBF24E421FE00B0C5F4 /* TitleView.swift */; };
		FA1C5DC224E44B4F00B0C5F4 /* MenuView.swift in Sources */ = {isa = PBXBuildFile; fileRef = FA1C5DC124E44B4F00B0C5F4 /* MenuView.swift */; };
		FA1C5DC424E455DA00B0C5F4 /* HomeScreen.swift in Sources */ = {isa = PBXBuildFile; fileRef = FA1C5DC324E455DA00B0C5F4 /* HomeScreen.swift */; };
		FA1C5DC924E48E9A00B0C5F4 /* Section.swift in Sources */ = {isa = PBXBuildFile; fileRef = FA1C5DC824E48E9A00B0C5F4 /* Section.swift */; };
		FA1C5DCC24E4952A00B0C5F4 /* SectionViewModel.swift in Sources */ = {isa = PBXBuildFile; fileRef = FA1C5DCB24E4952A00B0C5F4 /* SectionViewModel.swift */; };
		FA4A08F124E4A2EF00AE06CE /* UpdateListScreen.swift in Sources */ = {isa = PBXBuildFile; fileRef = FA4A08F024E4A2EF00AE06CE /* UpdateListScreen.swift */; };
		FA4A08F324E4A3B700AE06CE /* Update.swift in Sources */ = {isa = PBXBuildFile; fileRef = FA4A08F224E4A3B700AE06CE /* Update.swift */; };
		FA4A08F524E4A3D600AE06CE /* UpdateViewModel.swift in Sources */ = {isa = PBXBuildFile; fileRef = FA4A08F424E4A3D600AE06CE /* UpdateViewModel.swift */; };
		FA4A08F724E4A9C700AE06CE /* UpdateDetailScreen.swift in Sources */ = {isa = PBXBuildFile; fileRef = FA4A08F624E4A9C700AE06CE /* UpdateDetailScreen.swift */; };
		FA4A08F924E4B92400AE06CE /* RootView.swift in Sources */ = {isa = PBXBuildFile; fileRef = FA4A08F824E4B92400AE06CE /* RootView.swift */; };
		FA5A68A224E3ED5F0002505A /* AppDelegate.swift in Sources */ = {isa = PBXBuildFile; fileRef = FA5A68A124E3ED5F0002505A /* AppDelegate.swift */; };
		FA5A68A424E3ED5F0002505A /* SceneDelegate.swift in Sources */ = {isa = PBXBuildFile; fileRef = FA5A68A324E3ED5F0002505A /* SceneDelegate.swift */; };
		FA5A68A824E3ED610002505A /* Assets.xcassets in Resources */ = {isa = PBXBuildFile; fileRef = FA5A68A724E3ED610002505A /* Assets.xcassets */; };
		FA5A68AB24E3ED610002505A /* Preview Assets.xcassets in Resources */ = {isa = PBXBuildFile; fileRef = FA5A68AA24E3ED610002505A /* Preview Assets.xcassets */; };
		FA5A68AE24E3ED610002505A /* LaunchScreen.storyboard in Resources */ = {isa = PBXBuildFile; fileRef = FA5A68AC24E3ED610002505A /* LaunchScreen.storyboard */; };
		FACEA85724EA9B9500CA5D1F /* Modifiers.swift in Sources */ = {isa = PBXBuildFile; fileRef = FACEA85624EA9B9500CA5D1F /* Modifiers.swift */; };
		FACEA85924EC19A600CA5D1F /* Constants.swift in Sources */ = {isa = PBXBuildFile; fileRef = FACEA85824EC19A600CA5D1F /* Constants.swift */; };
		FACEA85B24EC28AE00CA5D1F /* CourseListView.swift in Sources */ = {isa = PBXBuildFile; fileRef = FACEA85A24EC28AE00CA5D1F /* CourseListView.swift */; };
		FACEA85D24EC4A0E00CA5D1F /* Course.swift in Sources */ = {isa = PBXBuildFile; fileRef = FACEA85C24EC4A0E00CA5D1F /* Course.swift */; };
		FACEA85F24EC4A3600CA5D1F /* CourseViewModel.swift in Sources */ = {isa = PBXBuildFile; fileRef = FACEA85E24EC4A3600CA5D1F /* CourseViewModel.swift */; };
		FACEA86124EDA50D00CA5D1F /* CourseItemView.swift in Sources */ = {isa = PBXBuildFile; fileRef = FACEA86024EDA50D00CA5D1F /* CourseItemView.swift */; };
		FAD459A524EA7C70008E0CFF /* RingView.swift in Sources */ = {isa = PBXBuildFile; fileRef = FAD459A424EA7C70008E0CFF /* RingView.swift */; };
/* End PBXBuildFile section */

/* Begin PBXFileReference section */
		FA1C5DBB24E4213200B0C5F4 /* CertificatesScreen.swift */ = {isa = PBXFileReference; lastKnownFileType = sourcecode.swift; path = CertificatesScreen.swift; sourceTree = "<group>"; };
		FA1C5DBD24E4217500B0C5F4 /* CardView.swift */ = {isa = PBXFileReference; lastKnownFileType = sourcecode.swift; path = CardView.swift; sourceTree = "<group>"; };
		FA1C5DBF24E421FE00B0C5F4 /* TitleView.swift */ = {isa = PBXFileReference; lastKnownFileType = sourcecode.swift; path = TitleView.swift; sourceTree = "<group>"; };
		FA1C5DC124E44B4F00B0C5F4 /* MenuView.swift */ = {isa = PBXFileReference; lastKnownFileType = sourcecode.swift; path = MenuView.swift; sourceTree = "<group>"; };
		FA1C5DC324E455DA00B0C5F4 /* HomeScreen.swift */ = {isa = PBXFileReference; lastKnownFileType = sourcecode.swift; path = HomeScreen.swift; sourceTree = "<group>"; };
		FA1C5DC824E48E9A00B0C5F4 /* Section.swift */ = {isa = PBXFileReference; lastKnownFileType = sourcecode.swift; path = Section.swift; sourceTree = "<group>"; };
		FA1C5DCB24E4952A00B0C5F4 /* SectionViewModel.swift */ = {isa = PBXFileReference; lastKnownFileType = sourcecode.swift; path = SectionViewModel.swift; sourceTree = "<group>"; };
		FA4A08F024E4A2EF00AE06CE /* UpdateListScreen.swift */ = {isa = PBXFileReference; lastKnownFileType = sourcecode.swift; path = UpdateListScreen.swift; sourceTree = "<group>"; };
		FA4A08F224E4A3B700AE06CE /* Update.swift */ = {isa = PBXFileReference; lastKnownFileType = sourcecode.swift; path = Update.swift; sourceTree = "<group>"; };
		FA4A08F424E4A3D600AE06CE /* UpdateViewModel.swift */ = {isa = PBXFileReference; lastKnownFileType = sourcecode.swift; path = UpdateViewModel.swift; sourceTree = "<group>"; };
		FA4A08F624E4A9C700AE06CE /* UpdateDetailScreen.swift */ = {isa = PBXFileReference; lastKnownFileType = sourcecode.swift; path = UpdateDetailScreen.swift; sourceTree = "<group>"; };
		FA4A08F824E4B92400AE06CE /* RootView.swift */ = {isa = PBXFileReference; lastKnownFileType = sourcecode.swift; path = RootView.swift; sourceTree = "<group>"; };
		FA5A689E24E3ED5F0002505A /* DesignCode.app */ = {isa = PBXFileReference; explicitFileType = wrapper.application; includeInIndex = 0; path = DesignCode.app; sourceTree = BUILT_PRODUCTS_DIR; };
		FA5A68A124E3ED5F0002505A /* AppDelegate.swift */ = {isa = PBXFileReference; lastKnownFileType = sourcecode.swift; path = AppDelegate.swift; sourceTree = "<group>"; };
		FA5A68A324E3ED5F0002505A /* SceneDelegate.swift */ = {isa = PBXFileReference; lastKnownFileType = sourcecode.swift; path = SceneDelegate.swift; sourceTree = "<group>"; };
		FA5A68A724E3ED610002505A /* Assets.xcassets */ = {isa = PBXFileReference; lastKnownFileType = folder.assetcatalog; path = Assets.xcassets; sourceTree = "<group>"; };
		FA5A68AA24E3ED610002505A /* Preview Assets.xcassets */ = {isa = PBXFileReference; lastKnownFileType = folder.assetcatalog; path = "Preview Assets.xcassets"; sourceTree = "<group>"; };
		FA5A68AD24E3ED610002505A /* Base */ = {isa = PBXFileReference; lastKnownFileType = file.storyboard; name = Base; path = Base.lproj/LaunchScreen.storyboard; sourceTree = "<group>"; };
		FA5A68AF24E3ED610002505A /* Info.plist */ = {isa = PBXFileReference; lastKnownFileType = text.plist.xml; path = Info.plist; sourceTree = "<group>"; };
		FACEA85624EA9B9500CA5D1F /* Modifiers.swift */ = {isa = PBXFileReference; lastKnownFileType = sourcecode.swift; path = Modifiers.swift; sourceTree = "<group>"; };
		FACEA85824EC19A600CA5D1F /* Constants.swift */ = {isa = PBXFileReference; lastKnownFileType = sourcecode.swift; path = Constants.swift; sourceTree = "<group>"; };
		FACEA85A24EC28AE00CA5D1F /* CourseListView.swift */ = {isa = PBXFileReference; lastKnownFileType = sourcecode.swift; path = CourseListView.swift; sourceTree = "<group>"; };
		FACEA85C24EC4A0E00CA5D1F /* Course.swift */ = {isa = PBXFileReference; lastKnownFileType = sourcecode.swift; path = Course.swift; sourceTree = "<group>"; };
		FACEA85E24EC4A3600CA5D1F /* CourseViewModel.swift */ = {isa = PBXFileReference; lastKnownFileType = sourcecode.swift; path = CourseViewModel.swift; sourceTree = "<group>"; };
		FACEA86024EDA50D00CA5D1F /* CourseItemView.swift */ = {isa = PBXFileReference; lastKnownFileType = sourcecode.swift; path = CourseItemView.swift; sourceTree = "<group>"; };
		FAD459A424EA7C70008E0CFF /* RingView.swift */ = {isa = PBXFileReference; lastKnownFileType = sourcecode.swift; path = RingView.swift; sourceTree = "<group>"; };
/* End PBXFileReference section */

/* Begin PBXFrameworksBuildPhase section */
		FA5A689B24E3ED5F0002505A /* Frameworks */ = {
			isa = PBXFrameworksBuildPhase;
			buildActionMask = 2147483647;
			files = (
			);
			runOnlyForDeploymentPostprocessing = 0;
		};
/* End PBXFrameworksBuildPhase section */

/* Begin PBXGroup section */
		FA1C5DC724E48E8B00B0C5F4 /* Models */ = {
			isa = PBXGroup;
			children = (
				FA1C5DC824E48E9A00B0C5F4 /* Section.swift */,
				FA4A08F224E4A3B700AE06CE /* Update.swift */,
				FACEA85C24EC4A0E00CA5D1F /* Course.swift */,
			);
			path = Models;
			sourceTree = "<group>";
		};
		FA1C5DCA24E4949F00B0C5F4 /* ViewModel */ = {
			isa = PBXGroup;
			children = (
				FA1C5DCB24E4952A00B0C5F4 /* SectionViewModel.swift */,
				FA4A08F424E4A3D600AE06CE /* UpdateViewModel.swift */,
				FACEA85E24EC4A3600CA5D1F /* CourseViewModel.swift */,
			);
			path = ViewModel;
			sourceTree = "<group>";
		};
		FA5A689524E3ED5F0002505A = {
			isa = PBXGroup;
			children = (
				FA5A68A024E3ED5F0002505A /* DesignCode */,
				FA5A689F24E3ED5F0002505A /* Products */,
			);
			sourceTree = "<group>";
		};
		FA5A689F24E3ED5F0002505A /* Products */ = {
			isa = PBXGroup;
			children = (
				FA5A689E24E3ED5F0002505A /* DesignCode.app */,
			);
			name = Products;
			sourceTree = "<group>";
		};
		FA5A68A024E3ED5F0002505A /* DesignCode */ = {
			isa = PBXGroup;
			children = (
				FA1C5DC724E48E8B00B0C5F4 /* Models */,
				FA1C5DCA24E4949F00B0C5F4 /* ViewModel */,
				FA5A68B724E4138D0002505A /* UI */,
				FA5A68B624E3EDCD0002505A /* Resources */,
				FA5A68B524E3ED9A0002505A /* System */,
				FA5A68AC24E3ED610002505A /* LaunchScreen.storyboard */,
			);
			path = DesignCode;
			sourceTree = "<group>";
		};
		FA5A68A924E3ED610002505A /* Preview Content */ = {
			isa = PBXGroup;
			children = (
				FA5A68AA24E3ED610002505A /* Preview Assets.xcassets */,
			);
			path = "Preview Content";
			sourceTree = "<group>";
		};
		FA5A68B524E3ED9A0002505A /* System */ = {
			isa = PBXGroup;
			children = (
				FA5A68A124E3ED5F0002505A /* AppDelegate.swift */,
				FA5A68A324E3ED5F0002505A /* SceneDelegate.swift */,
			);
			path = System;
			sourceTree = "<group>";
		};
		FA5A68B624E3EDCD0002505A /* Resources */ = {
			isa = PBXGroup;
			children = (
				FA5A68A724E3ED610002505A /* Assets.xcassets */,
				FA5A68AF24E3ED610002505A /* Info.plist */,
				FA5A68A924E3ED610002505A /* Preview Content */,
			);
			path = Resources;
			sourceTree = "<group>";
		};
		FA5A68B724E4138D0002505A /* UI */ = {
			isa = PBXGroup;
			children = (
				FA5A68B824E413980002505A /* Components */,
				FA5A68B924E413A30002505A /* Screens */,
				FACEA85524EA9A8900CA5D1F /* Utils */,
				FA4A08F824E4B92400AE06CE /* RootView.swift */,
			);
			path = UI;
			sourceTree = "<group>";
		};
		FA5A68B824E413980002505A /* Components */ = {
			isa = PBXGroup;
			children = (
				FA1C5DBD24E4217500B0C5F4 /* CardView.swift */,
				FA1C5DBF24E421FE00B0C5F4 /* TitleView.swift */,
				FA1C5DC124E44B4F00B0C5F4 /* MenuView.swift */,
				FAD459A424EA7C70008E0CFF /* RingView.swift */,
				FACEA85A24EC28AE00CA5D1F /* CourseListView.swift */,
				FACEA86024EDA50D00CA5D1F /* CourseItemView.swift */,
			);
			path = Components;
			sourceTree = "<group>";
		};
		FA5A68B924E413A30002505A /* Screens */ = {
			isa = PBXGroup;
			children = (
				FA1C5DBB24E4213200B0C5F4 /* CertificatesScreen.swift */,
				FA1C5DC324E455DA00B0C5F4 /* HomeScreen.swift */,
				FA4A08F024E4A2EF00AE06CE /* UpdateListScreen.swift */,
				FA4A08F624E4A9C700AE06CE /* UpdateDetailScreen.swift */,
			);
			path = Screens;
			sourceTree = "<group>";
		};
		FACEA85524EA9A8900CA5D1F /* Utils */ = {
			isa = PBXGroup;
			children = (
				FACEA85624EA9B9500CA5D1F /* Modifiers.swift */,
				FACEA85824EC19A600CA5D1F /* Constants.swift */,
			);
			path = Utils;
			sourceTree = "<group>";
		};
/* End PBXGroup section */

/* Begin PBXNativeTarget section */
		FA5A689D24E3ED5F0002505A /* DesignCode */ = {
			isa = PBXNativeTarget;
			buildConfigurationList = FA5A68B224E3ED610002505A /* Build configuration list for PBXNativeTarget "DesignCode" */;
			buildPhases = (
				FA5A689A24E3ED5F0002505A /* Sources */,
				FA5A689B24E3ED5F0002505A /* Frameworks */,
				FA5A689C24E3ED5F0002505A /* Resources */,
			);
			buildRules = (
			);
			dependencies = (
			);
			name = DesignCode;
			productName = DesignCode;
			productReference = FA5A689E24E3ED5F0002505A /* DesignCode.app */;
			productType = "com.apple.product-type.application";
		};
/* End PBXNativeTarget section */

/* Begin PBXProject section */
		FA5A689624E3ED5F0002505A /* Project object */ = {
			isa = PBXProject;
			attributes = {
				LastSwiftUpdateCheck = 1160;
				LastUpgradeCheck = 1160;
				ORGANIZATIONNAME = "Alex Ochigov";
				TargetAttributes = {
					FA5A689D24E3ED5F0002505A = {
						CreatedOnToolsVersion = 11.6;
					};
				};
			};
			buildConfigurationList = FA5A689924E3ED5F0002505A /* Build configuration list for PBXProject "DesignCode" */;
			compatibilityVersion = "Xcode 9.3";
			developmentRegion = en;
			hasScannedForEncodings = 0;
			knownRegions = (
				en,
				Base,
			);
			mainGroup = FA5A689524E3ED5F0002505A;
			productRefGroup = FA5A689F24E3ED5F0002505A /* Products */;
			projectDirPath = "";
			projectRoot = "";
			targets = (
				FA5A689D24E3ED5F0002505A /* DesignCode */,
			);
		};
/* End PBXProject section */

/* Begin PBXResourcesBuildPhase section */
		FA5A689C24E3ED5F0002505A /* Resources */ = {
			isa = PBXResourcesBuildPhase;
			buildActionMask = 2147483647;
			files = (
				FA5A68AE24E3ED610002505A /* LaunchScreen.storyboard in Resources */,
				FA5A68AB24E3ED610002505A /* Preview Assets.xcassets in Resources */,
				FA5A68A824E3ED610002505A /* Assets.xcassets in Resources */,
			);
			runOnlyForDeploymentPostprocessing = 0;
		};
/* End PBXResourcesBuildPhase section */

/* Begin PBXSourcesBuildPhase section */
		FA5A689A24E3ED5F0002505A /* Sources */ = {
			isa = PBXSourcesBuildPhase;
			buildActionMask = 2147483647;
			files = (
				FACEA86124EDA50D00CA5D1F /* CourseItemView.swift in Sources */,
				FAD459A524EA7C70008E0CFF /* RingView.swift in Sources */,
				FACEA85924EC19A600CA5D1F /* Constants.swift in Sources */,
				FA4A08F324E4A3B700AE06CE /* Update.swift in Sources */,
				FA5A68A224E3ED5F0002505A /* AppDelegate.swift in Sources */,
				FA1C5DC224E44B4F00B0C5F4 /* MenuView.swift in Sources */,
				FA1C5DC424E455DA00B0C5F4 /* HomeScreen.swift in Sources */,
				FA4A08F924E4B92400AE06CE /* RootView.swift in Sources */,
				FA1C5DBC24E4213200B0C5F4 /* CertificatesScreen.swift in Sources */,
				FA1C5DCC24E4952A00B0C5F4 /* SectionViewModel.swift in Sources */,
				FA4A08F124E4A2EF00AE06CE /* UpdateListScreen.swift in Sources */,
				FACEA85B24EC28AE00CA5D1F /* CourseListView.swift in Sources */,
				FA5A68A424E3ED5F0002505A /* SceneDelegate.swift in Sources */,
				FA1C5DC924E48E9A00B0C5F4 /* Section.swift in Sources */,
				FA1C5DBE24E4217500B0C5F4 /* CardView.swift in Sources */,
				FACEA85724EA9B9500CA5D1F /* Modifiers.swift in Sources */,
				FA1C5DC024E421FE00B0C5F4 /* TitleView.swift in Sources */,
				FA4A08F524E4A3D600AE06CE /* UpdateViewModel.swift in Sources */,
				FACEA85F24EC4A3600CA5D1F /* CourseViewModel.swift in Sources */,
				FACEA85D24EC4A0E00CA5D1F /* Course.swift in Sources */,
				FA4A08F724E4A9C700AE06CE /* UpdateDetailScreen.swift in Sources */,
			);
			runOnlyForDeploymentPostprocessing = 0;
		};
/* End PBXSourcesBuildPhase section */

/* Begin PBXVariantGroup section */
		FA5A68AC24E3ED610002505A /* LaunchScreen.storyboard */ = {
			isa = PBXVariantGroup;
			children = (
				FA5A68AD24E3ED610002505A /* Base */,
			);
			name = LaunchScreen.storyboard;
			sourceTree = "<group>";
		};
/* End PBXVariantGroup section */

/* Begin XCBuildConfiguration section */
		FA5A68B024E3ED610002505A /* Debug */ = {
			isa = XCBuildConfiguration;
			buildSettings = {
				ALWAYS_SEARCH_USER_PATHS = NO;
				CLANG_ANALYZER_NONNULL = YES;
				CLANG_ANALYZER_NUMBER_OBJECT_CONVERSION = YES_AGGRESSIVE;
				CLANG_CXX_LANGUAGE_STANDARD = "gnu++14";
				CLANG_CXX_LIBRARY = "libc++";
				CLANG_ENABLE_MODULES = YES;
				CLANG_ENABLE_OBJC_ARC = YES;
				CLANG_ENABLE_OBJC_WEAK = YES;
				CLANG_WARN_BLOCK_CAPTURE_AUTORELEASING = YES;
				CLANG_WARN_BOOL_CONVERSION = YES;
				CLANG_WARN_COMMA = YES;
				CLANG_WARN_CONSTANT_CONVERSION = YES;
				CLANG_WARN_DEPRECATED_OBJC_IMPLEMENTATIONS = YES;
				CLANG_WARN_DIRECT_OBJC_ISA_USAGE = YES_ERROR;
				CLANG_WARN_DOCUMENTATION_COMMENTS = YES;
				CLANG_WARN_EMPTY_BODY = YES;
				CLANG_WARN_ENUM_CONVERSION = YES;
				CLANG_WARN_INFINITE_RECURSION = YES;
				CLANG_WARN_INT_CONVERSION = YES;
				CLANG_WARN_NON_LITERAL_NULL_CONVERSION = YES;
				CLANG_WARN_OBJC_IMPLICIT_RETAIN_SELF = YES;
				CLANG_WARN_OBJC_LITERAL_CONVERSION = YES;
				CLANG_WARN_OBJC_ROOT_CLASS = YES_ERROR;
				CLANG_WARN_RANGE_LOOP_ANALYSIS = YES;
				CLANG_WARN_STRICT_PROTOTYPES = YES;
				CLANG_WARN_SUSPICIOUS_MOVE = YES;
				CLANG_WARN_UNGUARDED_AVAILABILITY = YES_AGGRESSIVE;
				CLANG_WARN_UNREACHABLE_CODE = YES;
				CLANG_WARN__DUPLICATE_METHOD_MATCH = YES;
				COPY_PHASE_STRIP = NO;
				DEBUG_INFORMATION_FORMAT = dwarf;
				ENABLE_STRICT_OBJC_MSGSEND = YES;
				ENABLE_TESTABILITY = YES;
				GCC_C_LANGUAGE_STANDARD = gnu11;
				GCC_DYNAMIC_NO_PIC = NO;
				GCC_NO_COMMON_BLOCKS = YES;
				GCC_OPTIMIZATION_LEVEL = 0;
				GCC_PREPROCESSOR_DEFINITIONS = (
					"DEBUG=1",
					"$(inherited)",
				);
				GCC_WARN_64_TO_32_BIT_CONVERSION = YES;
				GCC_WARN_ABOUT_RETURN_TYPE = YES_ERROR;
				GCC_WARN_UNDECLARED_SELECTOR = YES;
				GCC_WARN_UNINITIALIZED_AUTOS = YES_AGGRESSIVE;
				GCC_WARN_UNUSED_FUNCTION = YES;
				GCC_WARN_UNUSED_VARIABLE = YES;
				IPHONEOS_DEPLOYMENT_TARGET = 13.6;
				MTL_ENABLE_DEBUG_INFO = INCLUDE_SOURCE;
				MTL_FAST_MATH = YES;
				ONLY_ACTIVE_ARCH = YES;
				SDKROOT = iphoneos;
				SWIFT_ACTIVE_COMPILATION_CONDITIONS = DEBUG;
				SWIFT_OPTIMIZATION_LEVEL = "-Onone";
			};
			name = Debug;
		};
		FA5A68B124E3ED610002505A /* Release */ = {
			isa = XCBuildConfiguration;
			buildSettings = {
				ALWAYS_SEARCH_USER_PATHS = NO;
				CLANG_ANALYZER_NONNULL = YES;
				CLANG_ANALYZER_NUMBER_OBJECT_CONVERSION = YES_AGGRESSIVE;
				CLANG_CXX_LANGUAGE_STANDARD = "gnu++14";
				CLANG_CXX_LIBRARY = "libc++";
				CLANG_ENABLE_MODULES = YES;
				CLANG_ENABLE_OBJC_ARC = YES;
				CLANG_ENABLE_OBJC_WEAK = YES;
				CLANG_WARN_BLOCK_CAPTURE_AUTORELEASING = YES;
				CLANG_WARN_BOOL_CONVERSION = YES;
				CLANG_WARN_COMMA = YES;
				CLANG_WARN_CONSTANT_CONVERSION = YES;
				CLANG_WARN_DEPRECATED_OBJC_IMPLEMENTATIONS = YES;
				CLANG_WARN_DIRECT_OBJC_ISA_USAGE = YES_ERROR;
				CLANG_WARN_DOCUMENTATION_COMMENTS = YES;
				CLANG_WARN_EMPTY_BODY = YES;
				CLANG_WARN_ENUM_CONVERSION = YES;
				CLANG_WARN_INFINITE_RECURSION = YES;
				CLANG_WARN_INT_CONVERSION = YES;
				CLANG_WARN_NON_LITERAL_NULL_CONVERSION = YES;
				CLANG_WARN_OBJC_IMPLICIT_RETAIN_SELF = YES;
				CLANG_WARN_OBJC_LITERAL_CONVERSION = YES;
				CLANG_WARN_OBJC_ROOT_CLASS = YES_ERROR;
				CLANG_WARN_RANGE_LOOP_ANALYSIS = YES;
				CLANG_WARN_STRICT_PROTOTYPES = YES;
				CLANG_WARN_SUSPICIOUS_MOVE = YES;
				CLANG_WARN_UNGUARDED_AVAILABILITY = YES_AGGRESSIVE;
				CLANG_WARN_UNREACHABLE_CODE = YES;
				CLANG_WARN__DUPLICATE_METHOD_MATCH = YES;
				COPY_PHASE_STRIP = NO;
				DEBUG_INFORMATION_FORMAT = "dwarf-with-dsym";
				ENABLE_NS_ASSERTIONS = NO;
				ENABLE_STRICT_OBJC_MSGSEND = YES;
				GCC_C_LANGUAGE_STANDARD = gnu11;
				GCC_NO_COMMON_BLOCKS = YES;
				GCC_WARN_64_TO_32_BIT_CONVERSION = YES;
				GCC_WARN_ABOUT_RETURN_TYPE = YES_ERROR;
				GCC_WARN_UNDECLARED_SELECTOR = YES;
				GCC_WARN_UNINITIALIZED_AUTOS = YES_AGGRESSIVE;
				GCC_WARN_UNUSED_FUNCTION = YES;
				GCC_WARN_UNUSED_VARIABLE = YES;
				IPHONEOS_DEPLOYMENT_TARGET = 13.6;
				MTL_ENABLE_DEBUG_INFO = NO;
				MTL_FAST_MATH = YES;
				SDKROOT = iphoneos;
				SWIFT_COMPILATION_MODE = wholemodule;
				SWIFT_OPTIMIZATION_LEVEL = "-O";
				VALIDATE_PRODUCT = YES;
			};
			name = Release;
		};
		FA5A68B324E3ED610002505A /* Debug */ = {
			isa = XCBuildConfiguration;
			buildSettings = {
				ASSETCATALOG_COMPILER_APPICON_NAME = AppIcon;
				CODE_SIGN_STYLE = Automatic;
				DEVELOPMENT_ASSET_PATHS = "\"DesignCode/Resources/Preview Content\"";
				DEVELOPMENT_TEAM = 8Z34XVTQV3;
				ENABLE_PREVIEWS = YES;
				INFOPLIST_FILE = DesignCode/Resources/Info.plist;
				LD_RUNPATH_SEARCH_PATHS = (
					"$(inherited)",
					"@executable_path/Frameworks",
				);
				PRODUCT_BUNDLE_IDENTIFIER = com.gmail.ochigov.alex.DesignCode;
				PRODUCT_NAME = "$(TARGET_NAME)";
				SWIFT_VERSION = 5.0;
				TARGETED_DEVICE_FAMILY = "1,2";
			};
			name = Debug;
		};
		FA5A68B424E3ED610002505A /* Release */ = {
			isa = XCBuildConfiguration;
			buildSettings = {
				ASSETCATALOG_COMPILER_APPICON_NAME = AppIcon;
				CODE_SIGN_STYLE = Automatic;
				DEVELOPMENT_ASSET_PATHS = "\"DesignCode/Resources/Preview Content\"";
				DEVELOPMENT_TEAM = 8Z34XVTQV3;
				ENABLE_PREVIEWS = YES;
				INFOPLIST_FILE = DesignCode/Resources/Info.plist;
				LD_RUNPATH_SEARCH_PATHS = (
					"$(inherited)",
					"@executable_path/Frameworks",
				);
				PRODUCT_BUNDLE_IDENTIFIER = com.gmail.ochigov.alex.DesignCode;
				PRODUCT_NAME = "$(TARGET_NAME)";
				SWIFT_VERSION = 5.0;
				TARGETED_DEVICE_FAMILY = "1,2";
			};
			name = Release;
		};
/* End XCBuildConfiguration section */

/* Begin XCConfigurationList section */
		FA5A689924E3ED5F0002505A /* Build configuration list for PBXProject "DesignCode" */ = {
			isa = XCConfigurationList;
			buildConfigurations = (
				FA5A68B024E3ED610002505A /* Debug */,
				FA5A68B124E3ED610002505A /* Release */,
			);
			defaultConfigurationIsVisible = 0;
			defaultConfigurationName = Release;
		};
		FA5A68B224E3ED610002505A /* Build configuration list for PBXNativeTarget "DesignCode" */ = {
			isa = XCConfigurationList;
			buildConfigurations = (
				FA5A68B324E3ED610002505A /* Debug */,
				FA5A68B424E3ED610002505A /* Release */,
			);
			defaultConfigurationIsVisible = 0;
			defaultConfigurationName = Release;
		};
/* End XCConfigurationList section */
	};
	rootObject = FA5A689624E3ED5F0002505A /* Project object */;
}
